
Microsoft Visual Studio Solution File, Format Version 12.00
# Visual Studio 15
Project("{FAE04EC0-301F-11D3-BF4B-00C04F79EFBC}") = "arvideo", "arvideo.csproj", "{E8F7F57C-2DB8-305D-1E8E-3023F9E33771}"
EndProject
Project("{FAE04EC0-301F-11D3-BF4B-00C04F79EFBC}") = "arvideo.Editor", "arvideo.Editor.csproj", "{F5DA4457-C235-C7F8-F02D-E77172DCE8AB}"
EndProject
Global
	GlobalSection(SolutionConfigurationPlatforms) = preSolution
		Debug|Any CPU = Debug|Any CPU
		Release|Any CPU = Release|Any CPU
	EndGlobalSection
	GlobalSection(ProjectConfigurationPlatforms) = postSolution
		{E8F7F57C-2DB8-305D-1E8E-3023F9E33771}.Debug|Any CPU.ActiveCfg = Debug|Any CPU
		{E8F7F57C-2DB8-305D-1E8E-3023F9E33771}.Debug|Any CPU.Build.0 = Debug|Any CPU
		{E8F7F57C-2DB8-305D-1E8E-3023F9E33771}.Release|Any CPU.ActiveCfg = Release|Any CPU
		{E8F7F57C-2DB8-305D-1E8E-3023F9E33771}.Release|Any CPU.Build.0 = Release|Any CPU
		{F5DA4457-C235-C7F8-F02D-E77172DCE8AB}.Debug|Any CPU.ActiveCfg = Debug|Any CPU
		{F5DA4457-C235-C7F8-F02D-E77172DCE8AB}.Debug|Any CPU.Build.0 = Debug|Any CPU
		{F5DA4457-C235-C7F8-F02D-E77172DCE8AB}.Release|Any CPU.ActiveCfg = Release|Any CPU
		{F5DA4457-C235-C7F8-F02D-E77172DCE8AB}.Release|Any CPU.Build.0 = Release|Any CPU
	EndGlobalSection
	GlobalSection(SolutionProperties) = preSolution
		HideSolutionNode = FALSE
	EndGlobalSection
EndGlobal
