
Microsoft Visual Studio Solution File, Format Version 12.00
# Visual Studio 15
Project("{FAE04EC0-301F-11D3-BF4B-00C04F79EFBC}") = "videoplayback", "videoplayback.csproj", "{3DE74763-7C85-737B-35B9-610B6673CEFD}"
EndProject
Project("{FAE04EC0-301F-11D3-BF4B-00C04F79EFBC}") = "videoplayback.Editor", "videoplayback.Editor.csproj", "{47B8282A-F263-EA93-CFE3-A1544E821AF6}"
EndProject
Global
	GlobalSection(SolutionConfigurationPlatforms) = preSolution
		Debug|Any CPU = Debug|Any CPU
		Release|Any CPU = Release|Any CPU
	EndGlobalSection
	GlobalSection(ProjectConfigurationPlatforms) = postSolution
		{3DE74763-7C85-737B-35B9-610B6673CEFD}.Debug|Any CPU.ActiveCfg = Debug|Any CPU
		{3DE74763-7C85-737B-35B9-610B6673CEFD}.Debug|Any CPU.Build.0 = Debug|Any CPU
		{3DE74763-7C85-737B-35B9-610B6673CEFD}.Release|Any CPU.ActiveCfg = Release|Any CPU
		{3DE74763-7C85-737B-35B9-610B6673CEFD}.Release|Any CPU.Build.0 = Release|Any CPU
		{47B8282A-F263-EA93-CFE3-A1544E821AF6}.Debug|Any CPU.ActiveCfg = Debug|Any CPU
		{47B8282A-F263-EA93-CFE3-A1544E821AF6}.Debug|Any CPU.Build.0 = Debug|Any CPU
		{47B8282A-F263-EA93-CFE3-A1544E821AF6}.Release|Any CPU.ActiveCfg = Release|Any CPU
		{47B8282A-F263-EA93-CFE3-A1544E821AF6}.Release|Any CPU.Build.0 = Release|Any CPU
	EndGlobalSection
	GlobalSection(SolutionProperties) = preSolution
		HideSolutionNode = FALSE
	EndGlobalSection
EndGlobal
